# This file is automatically @generated by Poetry 1.8.3 and should not be changed by hand.

[[package]]
name = "asgiref"
version = "3.8.1"
description = "ASGI specs, helper code, and adapters"
optional = false
python-versions = ">=3.8"
files = [
    {file = "asgiref-3.8.1-py3-none-any.whl", hash = "sha256:3e1e3ecc849832fe52ccf2cb6686b7a55f82bb1d6aee72a58826471390335e47"},
    {file = "asgiref-3.8.1.tar.gz", hash = "sha256:c343bd80a0bec947a9860adb4c432ffa7db769836c64238fc34bdc3fec84d590"},
]

[package.extras]
tests = ["mypy (>=0.800)", "pytest", "pytest-asyncio"]

[[package]]
name = "diff-match-patch"
version = "20230430"
description = "Diff Match and Patch"
optional = false
python-versions = ">=3.7"
files = [
    {file = "diff-match-patch-20230430.tar.gz", hash = "sha256:953019cdb9c9d2c9e47b5b12bcff3cf4746fc4598eb406076fa1fc27e6a1f15c"},
    {file = "diff_match_patch-20230430-py3-none-any.whl", hash = "sha256:dce43505fb7b1b317de7195579388df0746d90db07015ed47a85e5e44930ef93"},
]

[package.extras]
dev = ["attribution (==1.6.2)", "black (==23.3.0)", "flit (==3.8.0)", "mypy (==1.2.0)", "ufmt (==2.1.0)", "usort (==1.0.6)"]

[[package]]
name = "django"
version = "4.2"
description = "A high-level Python web framework that encourages rapid development and clean, pragmatic design."
optional = false
python-versions = ">=3.8"
files = [
    {file = "Django-4.2-py3-none-any.whl", hash = "sha256:ad33ed68db9398f5dfb33282704925bce044bef4261cd4fb59e4e7f9ae505a78"},
    {file = "Django-4.2.tar.gz", hash = "sha256:c36e2ab12824e2ac36afa8b2515a70c53c7742f0d6eaefa7311ec379558db997"},
]

[package.dependencies]
asgiref = ">=3.6.0,<4"
sqlparse = ">=0.3.1"
tzdata = {version = "*", markers = "sys_platform == \"win32\""}

[package.extras]
argon2 = ["argon2-cffi (>=19.1.0)"]
bcrypt = ["bcrypt"]

[[package]]
name = "django-browser-reload"
version = "1.15.0"
description = "Automatically reload your browser in development."
optional = false
python-versions = ">=3.8"
files = [
    {file = "django_browser_reload-1.15.0-py3-none-any.whl", hash = "sha256:55b72335568b988e3a2beddb1703db6951516355925d3fc9c587f0bbd9e8efaa"},
    {file = "django_browser_reload-1.15.0.tar.gz", hash = "sha256:ed094386c587a95ff4f34a0d302ecd58f15e919784c4c76a97f7cb977446104c"},
]

[package.dependencies]
asgiref = ">=3.6"
django = ">=3.2"

[[package]]
name = "django-environ"
version = "0.11.2"
description = "A package that allows you to utilize 12factor inspired environment variables to configure your Django application."
optional = false
python-versions = ">=3.6,<4"
files = [
    {file = "django-environ-0.11.2.tar.gz", hash = "sha256:f32a87aa0899894c27d4e1776fa6b477e8164ed7f6b3e410a62a6d72caaf64be"},
    {file = "django_environ-0.11.2-py2.py3-none-any.whl", hash = "sha256:0ff95ab4344bfeff693836aa978e6840abef2e2f1145adff7735892711590c05"},
]

[package.extras]
develop = ["coverage[toml] (>=5.0a4)", "furo (>=2021.8.17b43,<2021.9.dev0)", "pytest (>=4.6.11)", "sphinx (>=3.5.0)", "sphinx-notfound-page"]
docs = ["furo (>=2021.8.17b43,<2021.9.dev0)", "sphinx (>=3.5.0)", "sphinx-notfound-page"]
testing = ["coverage[toml] (>=5.0a4)", "pytest (>=4.6.11)"]

[[package]]
name = "django-extensions"
version = "3.2.3"
description = "Extensions for Django"
optional = false
python-versions = ">=3.6"
files = [
    {file = "django-extensions-3.2.3.tar.gz", hash = "sha256:44d27919d04e23b3f40231c4ab7af4e61ce832ef46d610cc650d53e68328410a"},
    {file = "django_extensions-3.2.3-py3-none-any.whl", hash = "sha256:9600b7562f79a92cbf1fde6403c04fee314608fefbb595502e34383ae8203401"},
]

[package.dependencies]
Django = ">=3.2"

[[package]]
name = "django-filter"
version = "24.3"
description = "Django-filter is a reusable Django application for allowing users to filter querysets dynamically."
optional = false
python-versions = ">=3.8"
files = [
    {file = "django_filter-24.3-py3-none-any.whl", hash = "sha256:c4852822928ce17fb699bcfccd644b3574f1a2d80aeb2b4ff4f16b02dd49dc64"},
    {file = "django_filter-24.3.tar.gz", hash = "sha256:d8ccaf6732afd21ca0542f6733b11591030fa98669f8d15599b358e24a2cd9c3"},
]

[package.dependencies]
Django = ">=4.2"

[[package]]
name = "django-import-export"
version = "4.1.1"
description = "Django application and library for importing and exporting data with included admin integration."
optional = false
python-versions = ">=3.8"
files = [
    {file = "django_import_export-4.1.1-py3-none-any.whl", hash = "sha256:730ae2443a02b1ba27d8dba078a27ae9123adfcabb78161b4f130843607b3df9"},
    {file = "django_import_export-4.1.1.tar.gz", hash = "sha256:16ecc5a9f0df46bde6eb278a3e65ebda0ee1db55656f36440e9fb83f40ab85a3"},
]

[package.dependencies]
diff-match-patch = "*"
Django = ">=3.2"
tablib = "3.5.0"

[package.extras]
all = ["tablib[all] (==3.5.0)"]
cli = ["tablib[cli]"]
ods = ["tablib[ods]"]
pandas = ["tablib[pandas]"]
xls = ["tablib[xls] (==3.5.0)"]
xlsx = ["tablib[xlsx] (==3.5.0)"]
yaml = ["tablib[yaml] (==3.5.0)"]

[[package]]
name = "django-tailwind"
version = "3.8.0"
description = "Tailwind CSS Framework for Django projects"
optional = false
python-versions = ">=3.10.0,<4.0.0"
files = [
    {file = "django_tailwind-3.8.0-py3-none-any.whl", hash = "sha256:fa969c5b95d314b173fe2b2ed2cb2c03f2e2c94fdc2c01ff73a993fa159085da"},
    {file = "django_tailwind-3.8.0.tar.gz", hash = "sha256:31c2f4a7879d685c2de0feaf0b63f246200b37337bea4d7dbafb59bc3f10c008"},
]

[package.dependencies]
django = ">=3.2.14"
django-browser-reload = {version = ">=1.12.1,<2.0.0", optional = true, markers = "extra == \"reload\""}

[package.extras]
reload = ["django-browser-reload (>=1.12.1,<2.0.0)"]

[[package]]
name = "django-widget-tweaks"
version = "1.5.0"
description = "Tweak the form field rendering in templates, not in python-level form definitions."
optional = false
python-versions = ">=3.8"
files = [
    {file = "django-widget-tweaks-1.5.0.tar.gz", hash = "sha256:1c2180681ebb994e922c754804c7ffebbe1245014777ac47897a81f57cc629c7"},
    {file = "django_widget_tweaks-1.5.0-py3-none-any.whl", hash = "sha256:a41b7b2f05bd44d673d11ebd6c09a96f1d013ee98121cb98c384fe84e33b881e"},
]

[[package]]
name = "node"
version = "1.2.2"
description = "Building data structures as node trees"
optional = false
python-versions = "*"
files = [
    {file = "node-1.2.2-py3-none-any.whl", hash = "sha256:93884cc7ed36f3b43c3c8a4f3370723b8a5fe4bb3e9a817a693a21ffb44206f4"},
    {file = "node-1.2.2.tar.gz", hash = "sha256:4e164c76912c5b11397758ebbd27f032f116b32c306f0a90b235da466e188527"},
]

[package.dependencies]
odict = ">=1.9.0"
plumber = ">=1.5"
setuptools = "*"
"zope.component" = "*"
"zope.deferredimport" = "*"
"zope.deprecation" = "*"
"zope.lifecycleevent" = "*"

[[package]]
name = "odict"
version = "1.9.0"
description = "Ordered Dictionary."
optional = false
python-versions = "*"
files = [
    {file = "odict-1.9.0-py3-none-any.whl", hash = "sha256:6e7ff07552d3c6cddffac565fdc7fd1fef0220b6c68f518128cab40f82114d97"},
    {file = "odict-1.9.0.tar.gz", hash = "sha256:fc4a05c46fd3d574bf9cf89a3e23aa3f1584a246419a1f7365fc36f9f36c2b44"},
]

[package.dependencies]
setuptools = "*"

[[package]]
name = "plumber"
version = "1.7"
description = "An alternative to mixin-based extension of classes."
optional = false
python-versions = "*"
files = [
    {file = "plumber-1.7-py3-none-any.whl", hash = "sha256:4e734ce006b2b4367ce6f7e22c854f434f09eebfe9679b91758745c6184ddc11"},
    {file = "plumber-1.7.tar.gz", hash = "sha256:bde8d6323a8b3bdfc49ae3fa054c0801408a09a2c37e319ae9f0a4d49e4d5a23"},
]

[package.dependencies]
setuptools = "*"

[package.extras]
test = ["zope.interface"]

[[package]]
name = "setuptools"
version = "75.1.0"
description = "Easily download, build, install, upgrade, and uninstall Python packages"
optional = false
python-versions = ">=3.8"
files = [
    {file = "setuptools-75.1.0-py3-none-any.whl", hash = "sha256:35ab7fd3bcd95e6b7fd704e4a1539513edad446c097797f2985e0e4b960772f2"},
    {file = "setuptools-75.1.0.tar.gz", hash = "sha256:d59a21b17a275fb872a9c3dae73963160ae079f1049ed956880cd7c09b120538"},
]

[package.extras]
check = ["pytest-checkdocs (>=2.4)", "pytest-ruff (>=0.2.1)", "ruff (>=0.5.2)"]
core = ["importlib-metadata (>=6)", "importlib-resources (>=5.10.2)", "jaraco.collections", "jaraco.functools", "jaraco.text (>=3.7)", "more-itertools", "more-itertools (>=8.8)", "packaging", "packaging (>=24)", "platformdirs (>=2.6.2)", "tomli (>=2.0.1)", "wheel (>=0.43.0)"]
cover = ["pytest-cov"]
doc = ["furo", "jaraco.packaging (>=9.3)", "jaraco.tidelift (>=1.4)", "pygments-github-lexers (==0.0.5)", "pyproject-hooks (!=1.1)", "rst.linker (>=1.9)", "sphinx (>=3.5)", "sphinx-favicon", "sphinx-inline-tabs", "sphinx-lint", "sphinx-notfound-page (>=1,<2)", "sphinx-reredirects", "sphinxcontrib-towncrier", "towncrier (<24.7)"]
enabler = ["pytest-enabler (>=2.2)"]
test = ["build[virtualenv] (>=1.0.3)", "filelock (>=3.4.0)", "ini2toml[lite] (>=0.14)", "jaraco.develop (>=7.21)", "jaraco.envs (>=2.2)", "jaraco.path (>=3.2.0)", "jaraco.test", "packaging (>=23.2)", "pip (>=19.1)", "pyproject-hooks (!=1.1)", "pytest (>=6,!=8.1.*)", "pytest-home (>=0.5)", "pytest-perf", "pytest-subprocess", "pytest-timeout", "pytest-xdist (>=3)", "tomli-w (>=1.0.0)", "virtualenv (>=13.0.0)", "wheel (>=0.44.0)"]
type = ["importlib-metadata (>=7.0.2)", "jaraco.develop (>=7.21)", "mypy (==1.11.*)", "pytest-mypy"]

[[package]]
name = "sqlparse"
version = "0.5.1"
description = "A non-validating SQL parser."
optional = false
python-versions = ">=3.8"
files = [
    {file = "sqlparse-0.5.1-py3-none-any.whl", hash = "sha256:773dcbf9a5ab44a090f3441e2180efe2560220203dc2f8c0b0fa141e18b505e4"},
    {file = "sqlparse-0.5.1.tar.gz", hash = "sha256:bb6b4df465655ef332548e24f08e205afc81b9ab86cb1c45657a7ff173a3a00e"},
]

[package.extras]
dev = ["build", "hatch"]
doc = ["sphinx"]

[[package]]
name = "tablib"
version = "3.5.0"
description = "Format agnostic tabular data library (XLS, JSON, YAML, CSV, etc.)"
optional = false
python-versions = ">=3.8"
files = [
    {file = "tablib-3.5.0-py3-none-any.whl", hash = "sha256:9821caa9eca6062ff7299fa645e737aecff982e6b2b42046928a6413c8dabfd9"},
    {file = "tablib-3.5.0.tar.gz", hash = "sha256:f6661dfc45e1d4f51fa8a6239f9c8349380859a5bfaa73280645f046d6c96e33"},
]

[package.extras]
all = ["markuppy", "odfpy", "openpyxl (>=2.6.0)", "pandas", "pyyaml", "tabulate", "xlrd", "xlwt"]
cli = ["tabulate"]
html = ["markuppy"]
ods = ["odfpy"]
pandas = ["pandas"]
xls = ["xlrd", "xlwt"]
xlsx = ["openpyxl (>=2.6.0)"]
yaml = ["pyyaml"]

[[package]]
name = "tzdata"
version = "2024.2"
description = "Provider of IANA time zone data"
optional = false
python-versions = ">=2"
files = [
    {file = "tzdata-2024.2-py2.py3-none-any.whl", hash = "sha256:a48093786cdcde33cad18c2555e8532f34422074448fbc874186f0abd79565cd"},
    {file = "tzdata-2024.2.tar.gz", hash = "sha256:7d85cc416e9382e69095b7bdf4afd9e3880418a2413feec7069d533d6b4e31cc"},
]

[[package]]
name = "zope-component"
version = "6.0"
description = "Zope Component Architecture"
optional = false
python-versions = ">=3.7"
files = [
    {file = "zope.component-6.0-py3-none-any.whl", hash = "sha256:96d0a04db39643caf2dfaec152340f3e914df1dc3fa32fbb913782620dc6c3c6"},
    {file = "zope.component-6.0.tar.gz", hash = "sha256:9a0a0472ad201b94b4fe6741ce9ac2c30b8bb22c516077bf03692dec4dfb6906"},
]

[package.dependencies]
setuptools = "*"
"zope.event" = "*"
"zope.hookable" = ">=4.2.0"
"zope.interface" = ">=5.3"

[package.extras]
docs = ["Sphinx", "ZODB", "repoze.sphinx.autointerface"]
mintests = ["zope.configuration", "zope.i18nmessageid", "zope.testing", "zope.testrunner"]
persistentregistry = ["persistent"]
security = ["zope.location", "zope.proxy", "zope.security"]
test = ["persistent", "zope.configuration", "zope.i18nmessageid", "zope.location", "zope.proxy", "zope.security", "zope.testing", "zope.testrunner"]
zcml = ["zope.configuration", "zope.i18nmessageid"]

[[package]]
name = "zope-deferredimport"
version = "5.0"
description = "zope.deferredimport allows you to perform imports names that will only be resolved when used in the code."
optional = false
python-versions = ">=3.7"
files = [
    {file = "zope.deferredimport-5.0-py3-none-any.whl", hash = "sha256:b26e013b02fd1ee3e26510db66a737105128e48a0d348490f7c901ffd1928f25"},
    {file = "zope.deferredimport-5.0.tar.gz", hash = "sha256:3abbf0e18c1f1765914ecd1d41b549e4d045b21b28e4065fb0c1de0ad736b2c3"},
]

[package.dependencies]
setuptools = "*"
"zope.proxy" = "*"

[package.extras]
docs = ["Sphinx", "repoze.sphinx.autointerface"]
test = ["zope.testrunner"]

[[package]]
name = "zope-deprecation"
version = "5.0"
description = "Zope Deprecation Infrastructure"
optional = false
python-versions = ">= 3.7"
files = [
    {file = "zope.deprecation-5.0-py3-none-any.whl", hash = "sha256:28c2ee983812efb4676d33c7a8c6ade0df191c1c6d652bbbfe6e2eeee067b2d4"},
    {file = "zope.deprecation-5.0.tar.gz", hash = "sha256:b7c32d3392036b2145c40b3103e7322db68662ab09b7267afe1532a9d93f640f"},
]

[package.dependencies]
setuptools = "*"

[package.extras]
docs = ["Sphinx"]
test = ["zope.testrunner"]

[[package]]
name = "zope-event"
version = "5.0"
description = "Very basic event publishing system"
optional = false
python-versions = ">=3.7"
files = [
    {file = "zope.event-5.0-py3-none-any.whl", hash = "sha256:2832e95014f4db26c47a13fdaef84cef2f4df37e66b59d8f1f4a8f319a632c26"},
    {file = "zope.event-5.0.tar.gz", hash = "sha256:bac440d8d9891b4068e2b5a2c5e2c9765a9df762944bda6955f96bb9b91e67cd"},
]

[package.dependencies]
setuptools = "*"

[package.extras]
docs = ["Sphinx"]
test = ["zope.testrunner"]

[[package]]
name = "zope-hookable"
version = "7.0"
description = "Zope hookable"
optional = false
python-versions = ">=3.8"
files = [
    {file = "zope.hookable-7.0-cp310-cp310-macosx_10_9_x86_64.whl", hash = "sha256:24f9c29fdccb12bcce07fcd365e5de87f71bd917ea638ee087f80f5683e53701"},
    {file = "zope.hookable-7.0-cp310-cp310-macosx_11_0_arm64.whl", hash = "sha256:f2f4ba6674d0b05f58ec92537736de8f4db9a4df209df6aed19fde58be47816d"},
    {file = "zope.hookable-7.0-cp310-cp310-manylinux_2_17_aarch64.manylinux2014_aarch64.whl", hash = "sha256:c8a23d30fbdf073183eed8feb33bc419b7e95ac4976d79b1604a5e2898f84954"},
    {file = "zope.hookable-7.0-cp310-cp310-manylinux_2_5_i686.manylinux1_i686.manylinux_2_17_i686.manylinux2014_i686.whl", hash = "sha256:63ddfac5bfb1c14fd74ef387fcb16cfbceb8eb7c35b89bf08da4c31c5c2c9fb6"},
    {file = "zope.hookable-7.0-cp310-cp310-manylinux_2_5_x86_64.manylinux1_x86_64.manylinux_2_17_x86_64.manylinux2014_x86_64.whl", hash = "sha256:c06fa658a03e3d447d2c1548f3d9c8df65bb0d9eaee7bcdca278b0217051fb26"},
    {file = "zope.hookable-7.0-cp310-cp310-win_amd64.whl", hash = "sha256:17963c500dbb2530c5c9de1aa9736550d85e1653e4dc9e5080cf91cea9777bf2"},
    {file = "zope.hookable-7.0-cp311-cp311-macosx_10_9_x86_64.whl", hash = "sha256:2a4ff3f389e2fcd46c9be31700e1203ec7ecfe2ee45bc37ad6e46ff1f70736af"},
    {file = "zope.hookable-7.0-cp311-cp311-macosx_11_0_arm64.whl", hash = "sha256:0d2de88795b39599fe6a5def1e6a5ed9b31820b2fe81f9db9e6b44f3e9deac2f"},
    {file = "zope.hookable-7.0-cp311-cp311-manylinux_2_17_aarch64.manylinux2014_aarch64.whl", hash = "sha256:c9b545593a2ce7c8cddaa507f4f7023988b7fc93c4fb8afc7878c1931086fce4"},
    {file = "zope.hookable-7.0-cp311-cp311-manylinux_2_5_i686.manylinux1_i686.manylinux_2_17_i686.manylinux2014_i686.whl", hash = "sha256:3be8ba662b48f4b93b6d62b64a01b9645b4c07b704cdff958eb6a73f7380a17b"},
    {file = "zope.hookable-7.0-cp311-cp311-manylinux_2_5_x86_64.manylinux1_x86_64.manylinux_2_17_x86_64.manylinux2014_x86_64.whl", hash = "sha256:f3c51950ff49d54cb4a8e648e1226df16a0e8c306acef35f7edcbb17e5bd58c2"},
    {file = "zope.hookable-7.0-cp311-cp311-win_amd64.whl", hash = "sha256:2f466c29448119b6f9bc23fb71b123a78ed2e3c6b326646132c0a0a43cc0d6c0"},
    {file = "zope.hookable-7.0-cp312-cp312-macosx_10_9_x86_64.whl", hash = "sha256:6994ab3cf8cefa39cc820f09faa2b7eef01b4e13fad40a11485960cccf65dc12"},
    {file = "zope.hookable-7.0-cp312-cp312-macosx_11_0_arm64.whl", hash = "sha256:8e8573a44557f32942c9cf4f49673562c44c4ffbf7029774104363002d9acd25"},
    {file = "zope.hookable-7.0-cp312-cp312-manylinux_2_17_aarch64.manylinux2014_aarch64.whl", hash = "sha256:db6fc2ea7cc52c447ab47cc2b8e4639b3b511fc0eed58ce62abfffec38d52f99"},
    {file = "zope.hookable-7.0-cp312-cp312-manylinux_2_5_i686.manylinux1_i686.manylinux_2_17_i686.manylinux2014_i686.whl", hash = "sha256:c1801e2db7f4aa917fff268e261d783fbcd7ed9ab70e22dd65553ed6ccdb5505"},
    {file = "zope.hookable-7.0-cp312-cp312-manylinux_2_5_x86_64.manylinux1_x86_64.manylinux_2_17_x86_64.manylinux2014_x86_64.whl", hash = "sha256:718b600cceed31c0af4e799490e851cd54c761467b7e1ac7dec45a997fc56116"},
    {file = "zope.hookable-7.0-cp312-cp312-win_amd64.whl", hash = "sha256:5aef76cc5cb5e2a9c65d5561559a0a599aae7d69e89fb3d5eb565709886f62c0"},
    {file = "zope.hookable-7.0-cp313-cp313-macosx_10_9_x86_64.whl", hash = "sha256:cbcf040de78e20ba5a921c611cb82f092d361f3a4c161da621ca964328698114"},
    {file = "zope.hookable-7.0-cp313-cp313-macosx_11_0_arm64.whl", hash = "sha256:5e77e3990a72228439b3c92d5ae6298841c9ae8892a846b479baf7cdeaf6c504"},
    {file = "zope.hookable-7.0-cp313-cp313-manylinux_2_17_aarch64.manylinux2014_aarch64.whl", hash = "sha256:a835c2d6da5754a468ea9cc938e36087dba49baae820cf64e93eb0a6119e02ef"},
    {file = "zope.hookable-7.0-cp313-cp313-manylinux_2_5_i686.manylinux1_i686.manylinux_2_17_i686.manylinux2014_i686.whl", hash = "sha256:638f9ff9d49ceee5e816b650f823de2c2cf43cb5579ef82b6457f34ba49b13d3"},
    {file = "zope.hookable-7.0-cp313-cp313-manylinux_2_5_x86_64.manylinux1_x86_64.manylinux_2_17_x86_64.manylinux2014_x86_64.whl", hash = "sha256:83a39ca0834ca2e5f201cabe04aed16a68d370b66b44b4b8492914518869a34e"},
    {file = "zope.hookable-7.0-cp313-cp313-win_amd64.whl", hash = "sha256:5d507bb0be87c61e160221e00a09dc498f411df7671d27393162f44bce7b1ff1"},
    {file = "zope.hookable-7.0-cp38-cp38-macosx_10_9_x86_64.whl", hash = "sha256:9e7c8e4d0b34931ff9038489bea22d2d18649d52433ac4fe47d991ce531fe81f"},
    {file = "zope.hookable-7.0-cp38-cp38-macosx_11_0_arm64.whl", hash = "sha256:096eeef2364e15d91d88f2677dde9287a8ea0e432890343ed3a0253497411393"},
    {file = "zope.hookable-7.0-cp38-cp38-manylinux_2_17_aarch64.manylinux2014_aarch64.whl", hash = "sha256:1f150f8680c440e801c53b48c1670533536b26723c299a53d35b21aa1aff7405"},
    {file = "zope.hookable-7.0-cp38-cp38-manylinux_2_5_i686.manylinux1_i686.manylinux_2_17_i686.manylinux2014_i686.whl", hash = "sha256:f85006fd432ae332b2d27948e823136ce9c4c1708cdc9001d1690e56f2a79f2d"},
    {file = "zope.hookable-7.0-cp38-cp38-manylinux_2_5_x86_64.manylinux1_x86_64.manylinux_2_17_x86_64.manylinux2014_x86_64.whl", hash = "sha256:294d785bfa96053a2d3f445325a70dd53580f81866a443ae935db9956db09c7c"},
    {file = "zope.hookable-7.0-cp38-cp38-win_amd64.whl", hash = "sha256:a331e1b3b73a18deabd990f645b01ecc087fb9d0cd0b6c704665625c93309c8c"},
    {file = "zope.hookable-7.0-cp39-cp39-macosx_10_9_x86_64.whl", hash = "sha256:b5ce5061a2bc55659cac8c97760daf5c0e41fb98206e24787d27d160576536bc"},
    {file = "zope.hookable-7.0-cp39-cp39-macosx_11_0_arm64.whl", hash = "sha256:40e8cd05fefef46ca00235a4ee2b88eb4d27d2b9196a22521f1b3e67e557b2c8"},
    {file = "zope.hookable-7.0-cp39-cp39-manylinux_2_17_aarch64.manylinux2014_aarch64.whl", hash = "sha256:3a8650cd25816d6719a9d4ba62ba99f3ffd37429a5df52a8e9a06a96874eb172"},
    {file = "zope.hookable-7.0-cp39-cp39-manylinux_2_5_i686.manylinux1_i686.manylinux_2_17_i686.manylinux2014_i686.whl", hash = "sha256:1af9904916be1c0a6bb05b97ac1080819d271896b13b3a561d07ca2c48d093b9"},
    {file = "zope.hookable-7.0-cp39-cp39-manylinux_2_5_x86_64.manylinux1_x86_64.manylinux_2_17_x86_64.manylinux2014_x86_64.whl", hash = "sha256:978996f2d1bf7b74eb7fa3b834dcd29f63ce96490ff0d0bde99965789df0c6e4"},
    {file = "zope.hookable-7.0-cp39-cp39-win_amd64.whl", hash = "sha256:60a95f24876519449586bf864eb1642b0cbf766792c68e9d8605fad7b5736fd2"},
    {file = "zope_hookable-7.0.tar.gz", hash = "sha256:ffd25a6706789752f307d1ee65d23d47436ebf30d1095f14584ebbd03bf921f3"},
]

[package.dependencies]
setuptools = "*"

[package.extras]
docs = ["Sphinx", "sphinx-rtd-theme"]
test = ["zope.testing", "zope.testrunner"]
testing = ["coverage", "zope.testing", "zope.testrunner"]

[[package]]
name = "zope-interface"
version = "7.0.3"
description = "Interfaces for Python"
optional = false
python-versions = ">=3.8"
files = [
    {file = "zope.interface-7.0.3-cp310-cp310-macosx_10_9_x86_64.whl", hash = "sha256:9b9369671a20b8d039b8e5a1a33abd12e089e319a3383b4cc0bf5c67bd05fe7b"},
    {file = "zope.interface-7.0.3-cp310-cp310-macosx_11_0_arm64.whl", hash = "sha256:db6237e8fa91ea4f34d7e2d16d74741187e9105a63bbb5686c61fea04cdbacca"},
    {file = "zope.interface-7.0.3-cp310-cp310-manylinux_2_17_aarch64.manylinux2014_aarch64.whl", hash = "sha256:53d678bb1c3b784edbfb0adeebfeea6bf479f54da082854406a8f295d36f8386"},
    {file = "zope.interface-7.0.3-cp310-cp310-manylinux_2_5_i686.manylinux1_i686.manylinux_2_17_i686.manylinux2014_i686.whl", hash = "sha256:3aa8fcbb0d3c2be1bfd013a0f0acd636f6ed570c287743ae2bbd467ee967154d"},
    {file = "zope.interface-7.0.3-cp310-cp310-manylinux_2_5_x86_64.manylinux1_x86_64.manylinux_2_17_x86_64.manylinux2014_x86_64.whl", hash = "sha256:6195c3c03fef9f87c0dbee0b3b6451df6e056322463cf35bca9a088e564a3c58"},
    {file = "zope.interface-7.0.3-cp310-cp310-win_amd64.whl", hash = "sha256:11fa1382c3efb34abf16becff8cb214b0b2e3144057c90611621f2d186b7e1b7"},
    {file = "zope.interface-7.0.3-cp311-cp311-macosx_10_9_x86_64.whl", hash = "sha256:af94e429f9d57b36e71ef4e6865182090648aada0cb2d397ae2b3f7fc478493a"},
    {file = "zope.interface-7.0.3-cp311-cp311-macosx_11_0_arm64.whl", hash = "sha256:6dd647fcd765030638577fe6984284e0ebba1a1008244c8a38824be096e37fe3"},
    {file = "zope.interface-7.0.3-cp311-cp311-manylinux_2_17_aarch64.manylinux2014_aarch64.whl", hash = "sha256:1bee1b722077d08721005e8da493ef3adf0b7908e0cd85cc7dc836ac117d6f32"},
    {file = "zope.interface-7.0.3-cp311-cp311-manylinux_2_5_i686.manylinux1_i686.manylinux_2_17_i686.manylinux2014_i686.whl", hash = "sha256:2545d6d7aac425d528cd9bf0d9e55fcd47ab7fd15f41a64b1c4bf4c6b24946dc"},
    {file = "zope.interface-7.0.3-cp311-cp311-manylinux_2_5_x86_64.manylinux1_x86_64.manylinux_2_17_x86_64.manylinux2014_x86_64.whl", hash = "sha256:6d04b11ea47c9c369d66340dbe51e9031df2a0de97d68f442305ed7625ad6493"},
    {file = "zope.interface-7.0.3-cp311-cp311-win_amd64.whl", hash = "sha256:064ade95cb54c840647205987c7b557f75d2b2f7d1a84bfab4cf81822ef6e7d1"},
    {file = "zope.interface-7.0.3-cp312-cp312-macosx_10_9_x86_64.whl", hash = "sha256:3fcdc76d0cde1c09c37b7c6b0f8beba2d857d8417b055d4f47df9c34ec518bdd"},
    {file = "zope.interface-7.0.3-cp312-cp312-macosx_11_0_arm64.whl", hash = "sha256:3d4b91821305c8d8f6e6207639abcbdaf186db682e521af7855d0bea3047c8ca"},
    {file = "zope.interface-7.0.3-cp312-cp312-manylinux_2_17_aarch64.manylinux2014_aarch64.whl", hash = "sha256:35062d93bc49bd9b191331c897a96155ffdad10744ab812485b6bad5b588d7e4"},
    {file = "zope.interface-7.0.3-cp312-cp312-manylinux_2_5_i686.manylinux1_i686.manylinux_2_17_i686.manylinux2014_i686.whl", hash = "sha256:c96b3e6b0d4f6ddfec4e947130ec30bd2c7b19db6aa633777e46c8eecf1d6afd"},
    {file = "zope.interface-7.0.3-cp312-cp312-manylinux_2_5_x86_64.manylinux1_x86_64.manylinux_2_17_x86_64.manylinux2014_x86_64.whl", hash = "sha256:7e0c151a6c204f3830237c59ee4770cc346868a7a1af6925e5e38650141a7f05"},
    {file = "zope.interface-7.0.3-cp312-cp312-win_amd64.whl", hash = "sha256:3de1d553ce72868b77a7e9d598c9bff6d3816ad2b4cc81c04f9d8914603814f3"},
    {file = "zope.interface-7.0.3-cp313-cp313-manylinux_2_17_aarch64.manylinux2014_aarch64.whl", hash = "sha256:ab985c566a99cc5f73bc2741d93f1ed24a2cc9da3890144d37b9582965aff996"},
    {file = "zope.interface-7.0.3-cp313-cp313-manylinux_2_5_i686.manylinux1_i686.manylinux_2_17_i686.manylinux2014_i686.whl", hash = "sha256:d976fa7b5faf5396eb18ce6c132c98e05504b52b60784e3401f4ef0b2e66709b"},
    {file = "zope.interface-7.0.3-cp313-cp313-manylinux_2_5_x86_64.manylinux1_x86_64.manylinux_2_17_x86_64.manylinux2014_x86_64.whl", hash = "sha256:21a207c6b2c58def5011768140861a73f5240f4f39800625072ba84e76c9da0b"},
    {file = "zope.interface-7.0.3-cp38-cp38-macosx_10_9_x86_64.whl", hash = "sha256:382d31d1e68877061daaa6499468e9eb38eb7625d4369b1615ac08d3860fe896"},
    {file = "zope.interface-7.0.3-cp38-cp38-macosx_11_0_arm64.whl", hash = "sha256:2c4316a30e216f51acbd9fb318aa5af2e362b716596d82cbb92f9101c8f8d2e7"},
    {file = "zope.interface-7.0.3-cp38-cp38-manylinux_2_17_aarch64.manylinux2014_aarch64.whl", hash = "sha256:01e6e58078ad2799130c14a1d34ec89044ada0e1495329d72ee0407b9ae5100d"},
    {file = "zope.interface-7.0.3-cp38-cp38-manylinux_2_5_i686.manylinux1_i686.manylinux_2_17_i686.manylinux2014_i686.whl", hash = "sha256:799ef7a444aebbad5a145c3b34bff012b54453cddbde3332d47ca07225792ea4"},
    {file = "zope.interface-7.0.3-cp38-cp38-manylinux_2_5_x86_64.manylinux1_x86_64.manylinux_2_17_x86_64.manylinux2014_x86_64.whl", hash = "sha256:d3b7ce6d46fb0e60897d62d1ff370790ce50a57d40a651db91a3dde74f73b738"},
    {file = "zope.interface-7.0.3-cp38-cp38-win_amd64.whl", hash = "sha256:f418c88f09c3ba159b95a9d1cfcdbe58f208443abb1f3109f4b9b12fd60b187c"},
    {file = "zope.interface-7.0.3-cp39-cp39-macosx_10_9_x86_64.whl", hash = "sha256:84f8794bd59ca7d09d8fce43ae1b571be22f52748169d01a13d3ece8394d8b5b"},
    {file = "zope.interface-7.0.3-cp39-cp39-macosx_11_0_arm64.whl", hash = "sha256:7d92920416f31786bc1b2f34cc4fc4263a35a407425319572cbf96b51e835cd3"},
    {file = "zope.interface-7.0.3-cp39-cp39-manylinux_2_17_aarch64.manylinux2014_aarch64.whl", hash = "sha256:95e5913ec718010dc0e7c215d79a9683b4990e7026828eedfda5268e74e73e11"},
    {file = "zope.interface-7.0.3-cp39-cp39-manylinux_2_5_i686.manylinux1_i686.manylinux_2_17_i686.manylinux2014_i686.whl", hash = "sha256:1eeeb92cb7d95c45e726e3c1afe7707919370addae7ed14f614e22217a536958"},
    {file = "zope.interface-7.0.3-cp39-cp39-manylinux_2_5_x86_64.manylinux1_x86_64.manylinux_2_17_x86_64.manylinux2014_x86_64.whl", hash = "sha256:ecd32f30f40bfd8511b17666895831a51b532e93fc106bfa97f366589d3e4e0e"},
    {file = "zope.interface-7.0.3-cp39-cp39-win_amd64.whl", hash = "sha256:5112c530fa8aa2108a3196b9c2f078f5738c1c37cfc716970edc0df0414acda8"},
    {file = "zope.interface-7.0.3.tar.gz", hash = "sha256:cd2690d4b08ec9eaf47a85914fe513062b20da78d10d6d789a792c0b20307fb1"},
]

[package.dependencies]
setuptools = "*"

[package.extras]
docs = ["Sphinx", "repoze.sphinx.autointerface", "sphinx-rtd-theme"]
test = ["coverage (>=5.0.3)", "zope.event", "zope.testing"]
testing = ["coverage (>=5.0.3)", "zope.event", "zope.testing"]

[[package]]
name = "zope-lifecycleevent"
version = "5.0"
description = "Object life-cycle events"
optional = false
python-versions = ">=3.7"
files = [
    {file = "zope.lifecycleevent-5.0-py3-none-any.whl", hash = "sha256:28431a461522e7a49f8e1e4d7541a73566747c70300ff4b6dee29e021e70540b"},
    {file = "zope.lifecycleevent-5.0.tar.gz", hash = "sha256:ead3fb496e7614f9b569d16dad4b78052b0ac21875bad8d66ca350352d9b6f9d"},
]

[package.dependencies]
setuptools = "*"
"zope.event" = "*"
"zope.interface" = "*"

[package.extras]
docs = ["repoze.sphinx.autointerface", "sphinx-rtd-theme"]
test = ["zope.component", "zope.configuration", "zope.testing", "zope.testrunner"]

[[package]]
name = "zope-proxy"
version = "6.1"
description = "Generic Transparent Proxies"
optional = false
python-versions = ">=3.8"
files = [
    {file = "zope.proxy-6.1-cp310-cp310-macosx_10_9_x86_64.whl", hash = "sha256:95cb6de0b7ba5aa65fd010dd590c2b31e40f0976b0466cb53d7b90483115b83c"},
    {file = "zope.proxy-6.1-cp310-cp310-macosx_11_0_arm64.whl", hash = "sha256:4d193e667b485bd54df9d99ec083103b0ff0575956804d906c52714ee268ee7f"},
    {file = "zope.proxy-6.1-cp310-cp310-manylinux_2_17_aarch64.manylinux2014_aarch64.whl", hash = "sha256:a48562abc5bf2a1ed535ace22b6c26c4d799375849e2ca21ed3be684360c2008"},
    {file = "zope.proxy-6.1-cp310-cp310-manylinux_2_5_i686.manylinux1_i686.manylinux_2_17_i686.manylinux2014_i686.whl", hash = "sha256:702124d2031bdcae0886bc1cba5357a8cf604d64fe1f31006ecd132a73ea4244"},
    {file = "zope.proxy-6.1-cp310-cp310-manylinux_2_5_x86_64.manylinux1_x86_64.manylinux_2_17_x86_64.manylinux2014_x86_64.whl", hash = "sha256:84988696d78b85f7b6020bb2c97e9dccba7a499a20a73a77bbee231480b18752"},
    {file = "zope.proxy-6.1-cp310-cp310-win_amd64.whl", hash = "sha256:66c4daf8b9842ec18402557c05bd4ff11f38c8c0657350f3fd8232ac4e79d787"},
    {file = "zope.proxy-6.1-cp311-cp311-macosx_10_9_x86_64.whl", hash = "sha256:0777f9b4cbaa1ad8b9a2d246e4c0fe190e79d7f20b9d4535692ae03c30285cee"},
    {file = "zope.proxy-6.1-cp311-cp311-macosx_11_0_arm64.whl", hash = "sha256:d775e4ec770dd66cfd5fabbdab02bee72041edd8e79b42e8c5d90400a31bd68b"},
    {file = "zope.proxy-6.1-cp311-cp311-manylinux_2_17_aarch64.manylinux2014_aarch64.whl", hash = "sha256:669efe87eabc4e6bf3a625d46191cb156e8c7ff8e44673b70caebfc9f4a28789"},
    {file = "zope.proxy-6.1-cp311-cp311-manylinux_2_5_i686.manylinux1_i686.manylinux_2_17_i686.manylinux2014_i686.whl", hash = "sha256:440533a95da81182a1ee86f70d23cac318669b1fead47b0159d9418ed33f671b"},
    {file = "zope.proxy-6.1-cp311-cp311-manylinux_2_5_x86_64.manylinux1_x86_64.manylinux_2_17_x86_64.manylinux2014_x86_64.whl", hash = "sha256:f70a1a3f112063dd91624091d28ba6eac66eac941667bca603a0f2fe3c79082d"},
    {file = "zope.proxy-6.1-cp311-cp311-win_amd64.whl", hash = "sha256:d1a1efcb6987b73e11d3a5f7439ee06e4654e2f43a8c05196a9c581313fa79c2"},
    {file = "zope.proxy-6.1-cp312-cp312-macosx_10_9_x86_64.whl", hash = "sha256:205d6addd0a19ac2febc0b0bf5dabc5b9ae7db385a6a84dddaf3237d113ee01f"},
    {file = "zope.proxy-6.1-cp312-cp312-macosx_11_0_arm64.whl", hash = "sha256:4ea7b1b14c31d28de0c3dbbb6672e36dea62828866831bd8a9736171b1d82465"},
    {file = "zope.proxy-6.1-cp312-cp312-manylinux_2_17_aarch64.manylinux2014_aarch64.whl", hash = "sha256:51a6be9875dd4bd3945da4338120baed733610acb961c77f3bdfec9ba1be208e"},
    {file = "zope.proxy-6.1-cp312-cp312-manylinux_2_5_i686.manylinux1_i686.manylinux_2_17_i686.manylinux2014_i686.whl", hash = "sha256:9799b3016982a32dc9f9e4f42e443a52c88b3f601a50d21951d0ef450999b85d"},
    {file = "zope.proxy-6.1-cp312-cp312-manylinux_2_5_x86_64.manylinux1_x86_64.manylinux_2_17_x86_64.manylinux2014_x86_64.whl", hash = "sha256:ed87d7c006d635e4f92c94dbb8ad6082b1fe828dfa76ed3c78610bc84cefdeb7"},
    {file = "zope.proxy-6.1-cp312-cp312-win_amd64.whl", hash = "sha256:60497b06f9e249b3c21b09ce1775b3d71a74a37cea44207cd997317a77fc5918"},
    {file = "zope.proxy-6.1-cp313-cp313-macosx_10_9_x86_64.whl", hash = "sha256:cda5526ebea4aced070bfa0ce73e7b3a2a2250988a5b12b1593fe510dd3338db"},
    {file = "zope.proxy-6.1-cp313-cp313-macosx_11_0_arm64.whl", hash = "sha256:6f7208e4630003bf77abd64f54d0e98767fa146f2930b7bfb4ba12e23bbfb006"},
    {file = "zope.proxy-6.1-cp313-cp313-manylinux_2_17_aarch64.manylinux2014_aarch64.whl", hash = "sha256:07c43ae0180ba4dc6fa41cc9e306d5e5c063014fb8d4e8614b49f8f934d42eb9"},
    {file = "zope.proxy-6.1-cp313-cp313-manylinux_2_5_i686.manylinux1_i686.manylinux_2_17_i686.manylinux2014_i686.whl", hash = "sha256:71d9b46af85bca3ceb1fa60b95591cce50538265b73f0eefb735bd366199ebeb"},
    {file = "zope.proxy-6.1-cp313-cp313-manylinux_2_5_x86_64.manylinux1_x86_64.manylinux_2_17_x86_64.manylinux2014_x86_64.whl", hash = "sha256:7fd5b73c60cd64e9225d5dd810742e467c8086b7615d29849ac53a98ab059267"},
    {file = "zope.proxy-6.1-cp313-cp313-win_amd64.whl", hash = "sha256:17fa348ec0ac9daafb9a0380e067ed1e8fc1ddcaefc31b094e255544319b8609"},
    {file = "zope.proxy-6.1-cp38-cp38-macosx_10_9_x86_64.whl", hash = "sha256:59f293864db0ef5be0754f6f7428ddc6b3b97da6faa76cff191af4efa8fd05d1"},
    {file = "zope.proxy-6.1-cp38-cp38-macosx_11_0_arm64.whl", hash = "sha256:90218acd90c1e67baa2a0635f3fd9e9a519317edefb8587dbb3cbea43a234786"},
    {file = "zope.proxy-6.1-cp38-cp38-manylinux_2_17_aarch64.manylinux2014_aarch64.whl", hash = "sha256:cc0ed2f87996c06b97910b7d801fc2ba80c976ef218e59baf8a9da16c64b1c0c"},
    {file = "zope.proxy-6.1-cp38-cp38-manylinux_2_5_i686.manylinux1_i686.manylinux_2_17_i686.manylinux2014_i686.whl", hash = "sha256:76c218b92d06c8e5bcf52b8f3ce2472509789b618feda47d5e9fd7a08ab8d84e"},
    {file = "zope.proxy-6.1-cp38-cp38-manylinux_2_5_x86_64.manylinux1_x86_64.manylinux_2_17_x86_64.manylinux2014_x86_64.whl", hash = "sha256:8c7fe29a87cdac956ea246784df4eb7a52b8262d39a7089f9903c2fedf0968dd"},
    {file = "zope.proxy-6.1-cp38-cp38-win_amd64.whl", hash = "sha256:7cd2e9cd9870e2fbf03dc46aec2e3a3dbe5616c624ccb7941cd3db43f977c72b"},
    {file = "zope.proxy-6.1-cp39-cp39-macosx_10_9_x86_64.whl", hash = "sha256:b3da50741baea56a1165181eba85e78a35a2142cff1d2402e6073ce93f97b2d9"},
    {file = "zope.proxy-6.1-cp39-cp39-macosx_11_0_arm64.whl", hash = "sha256:5131b64aa3e1b9e0ab10e2db127ccf8b082a2d6348e467777018de2d3c402ff9"},
    {file = "zope.proxy-6.1-cp39-cp39-manylinux_2_17_aarch64.manylinux2014_aarch64.whl", hash = "sha256:ae215bce9e8e19b99fe3599690313a803c75d7ab1b19b3dc539f00403c6a0faf"},
    {file = "zope.proxy-6.1-cp39-cp39-manylinux_2_5_i686.manylinux1_i686.manylinux_2_17_i686.manylinux2014_i686.whl", hash = "sha256:fdae0ad3626bcaa5373b4a2b5639aadd19155fa54f6fde7a55de0385764ec698"},
    {file = "zope.proxy-6.1-cp39-cp39-manylinux_2_5_x86_64.manylinux1_x86_64.manylinux_2_17_x86_64.manylinux2014_x86_64.whl", hash = "sha256:d14fdcfc8a1cf7104890db58621e1a943138921e0d9942e7cc805b894992d959"},
    {file = "zope.proxy-6.1-cp39-cp39-win_amd64.whl", hash = "sha256:4962cd422d0142433f09a000ed2ef6151e0b7dc0c2028e8b9d180b42e2ca1843"},
    {file = "zope_proxy-6.1.tar.gz", hash = "sha256:9b70bf787fcbd3ecb86ba886d71e5cd857da0d6dbe2fcf2b6c24774f24747e2e"},
]

[package.dependencies]
setuptools = "*"
"zope.interface" = "*"

[package.extras]
docs = ["Sphinx", "repoze.sphinx.autointerface", "sphinx-rtd-theme"]
test = ["zope.security", "zope.testrunner"]

[metadata]
lock-version = "2.0"
python-versions = "^3.11"
content-hash = "7cb876728baedf4a8f70cf112db481c4635a632b336ce4a0ee45d870d1c653f4"
